// !$*UTF8*$!
{
	archiveVersion = 1;
	classes = {
	};
	objectVersion = 48;
	objects = {

/* Begin PBXBuildFile section */
		2F327826E6F21123574BEEA1 /* Pods_Park_ItUITests.framework in Frameworks */ = {isa = PBXBuildFile; fileRef = 2822FC8339901507B2A03929 /* Pods_Park_ItUITests.framework */; };
		4E248CA32040F7460063AF78 /* AppDelegate.swift in Sources */ = {isa = PBXBuildFile; fileRef = 4E248CA22040F7460063AF78 /* AppDelegate.swift */; };
		4E248CA52040F7460063AF78 /* ViewController.swift in Sources */ = {isa = PBXBuildFile; fileRef = 4E248CA42040F7460063AF78 /* ViewController.swift */; };
		4E248CA82040F7460063AF78 /* Main.storyboard in Resources */ = {isa = PBXBuildFile; fileRef = 4E248CA62040F7460063AF78 /* Main.storyboard */; };
		4E248CAA2040F7460063AF78 /* Assets.xcassets in Resources */ = {isa = PBXBuildFile; fileRef = 4E248CA92040F7460063AF78 /* Assets.xcassets */; };
		4E248CAD2040F7460063AF78 /* LaunchScreen.storyboard in Resources */ = {isa = PBXBuildFile; fileRef = 4E248CAB2040F7460063AF78 /* LaunchScreen.storyboard */; };
		4E248CB82040F7460063AF78 /* Park_ItTests.swift in Sources */ = {isa = PBXBuildFile; fileRef = 4E248CB72040F7460063AF78 /* Park_ItTests.swift */; };
		4E248CC32040F7460063AF78 /* Park_ItUITests.swift in Sources */ = {isa = PBXBuildFile; fileRef = 4E248CC22040F7460063AF78 /* Park_ItUITests.swift */; };
		4E248CD1204112650063AF78 /* GoogleService-Info.plist in Resources */ = {isa = PBXBuildFile; fileRef = 4E248CD0204112650063AF78 /* GoogleService-Info.plist */; };
		4E248CD5204127800063AF78 /* loginViewController.swift in Sources */ = {isa = PBXBuildFile; fileRef = 4E248CD4204127800063AF78 /* loginViewController.swift */; };
		4E248CD72041315E0063AF78 /* CarRegistrationViewController.swift in Sources */ = {isa = PBXBuildFile; fileRef = 4E248CD62041315E0063AF78 /* CarRegistrationViewController.swift */; };
		4E248CE020415AD70063AF78 /* MyAPIClient.swift in Sources */ = {isa = PBXBuildFile; fileRef = 4E248CD920415AD60063AF78 /* MyAPIClient.swift */; };
		4E248CE120415AD70063AF78 /* CheckoutViewController.swift in Sources */ = {isa = PBXBuildFile; fileRef = 4E248CDA20415AD60063AF78 /* CheckoutViewController.swift */; };
		4E248CE220415AD70063AF78 /* PaymentContextFooterView.swift in Sources */ = {isa = PBXBuildFile; fileRef = 4E248CDB20415AD60063AF78 /* PaymentContextFooterView.swift */; };
		4E248CE320415AD70063AF78 /* SettingsViewController.swift in Sources */ = {isa = PBXBuildFile; fileRef = 4E248CDC20415AD60063AF78 /* SettingsViewController.swift */; };
		4E248CE420415AD70063AF78 /* BrowseProductsViewController.swift in Sources */ = {isa = PBXBuildFile; fileRef = 4E248CDD20415AD60063AF78 /* BrowseProductsViewController.swift */; };
		4E248CE520415AD70063AF78 /* Buttons.swift in Sources */ = {isa = PBXBuildFile; fileRef = 4E248CDE20415AD70063AF78 /* Buttons.swift */; };
		4E248CE620415AD70063AF78 /* CheckoutRowView.swift in Sources */ = {isa = PBXBuildFile; fileRef = 4E248CDF20415AD70063AF78 /* CheckoutRowView.swift */; };
		4E248CEC2041D7F20063AF78 /* PaymentInfoViewController.swift in Sources */ = {isa = PBXBuildFile; fileRef = 4E248CEB2041D7F20063AF78 /* PaymentInfoViewController.swift */; };
		4E248CF2204205710063AF78 /* SWRevealViewController.m in Sources */ = {isa = PBXBuildFile; fileRef = 4E248CF1204205710063AF78 /* SWRevealViewController.m */; };
		4E248CF4204206EF0063AF78 /* UserDashboardViewController.swift in Sources */ = {isa = PBXBuildFile; fileRef = 4E248CF3204206EF0063AF78 /* UserDashboardViewController.swift */; };
		4E248CF6204224BF0063AF78 /* BackTableVC.swift in Sources */ = {isa = PBXBuildFile; fileRef = 4E248CF5204224BF0063AF78 /* BackTableVC.swift */; };
		5E60FD6F181A2A4B7AFBEB72 /* Pods_Park_ItTests.framework in Frameworks */ = {isa = PBXBuildFile; fileRef = 96FC7C56A75248612C50E425 /* Pods_Park_ItTests.framework */; };
		E9F80CBE0F9D85C1D8B91415 /* Pods_Park_It.framework in Frameworks */ = {isa = PBXBuildFile; fileRef = BADDB4385C93B4D4CAA205A7 /* Pods_Park_It.framework */; };
/* End PBXBuildFile section */

/* Begin PBXContainerItemProxy section */
		4E248CB42040F7460063AF78 /* PBXContainerItemProxy */ = {
			isa = PBXContainerItemProxy;
			containerPortal = 4E248C972040F7460063AF78 /* Project object */;
			proxyType = 1;
			remoteGlobalIDString = 4E248C9E2040F7460063AF78;
			remoteInfo = "Park-It";
		};
		4E248CBF2040F7460063AF78 /* PBXContainerItemProxy */ = {
			isa = PBXContainerItemProxy;
			containerPortal = 4E248C972040F7460063AF78 /* Project object */;
			proxyType = 1;
			remoteGlobalIDString = 4E248C9E2040F7460063AF78;
			remoteInfo = "Park-It";
		};
/* End PBXContainerItemProxy section */

/* Begin PBXFileReference section */
		2822FC8339901507B2A03929 /* Pods_Park_ItUITests.framework */ = {isa = PBXFileReference; explicitFileType = wrapper.framework; includeInIndex = 0; path = Pods_Park_ItUITests.framework; sourceTree = BUILT_PRODUCTS_DIR; };
		2E29F02EF2140DBC98E3A6C7 /* Pods-Park-ItUITests.release.xcconfig */ = {isa = PBXFileReference; includeInIndex = 1; lastKnownFileType = text.xcconfig; name = "Pods-Park-ItUITests.release.xcconfig"; path = "Pods/Target Support Files/Pods-Park-ItUITests/Pods-Park-ItUITests.release.xcconfig"; sourceTree = "<group>"; };
		38F2F8DE8E972D4190E9055A /* Pods-Park-ItTests.release.xcconfig */ = {isa = PBXFileReference; includeInIndex = 1; lastKnownFileType = text.xcconfig; name = "Pods-Park-ItTests.release.xcconfig"; path = "Pods/Target Support Files/Pods-Park-ItTests/Pods-Park-ItTests.release.xcconfig"; sourceTree = "<group>"; };
		4E248C9F2040F7460063AF78 /* Park-It.app */ = {isa = PBXFileReference; explicitFileType = wrapper.application; includeInIndex = 0; path = "Park-It.app"; sourceTree = BUILT_PRODUCTS_DIR; };
		4E248CA22040F7460063AF78 /* AppDelegate.swift */ = {isa = PBXFileReference; lastKnownFileType = sourcecode.swift; path = AppDelegate.swift; sourceTree = "<group>"; };
		4E248CA42040F7460063AF78 /* ViewController.swift */ = {isa = PBXFileReference; lastKnownFileType = sourcecode.swift; path = ViewController.swift; sourceTree = "<group>"; };
		4E248CA72040F7460063AF78 /* Base */ = {isa = PBXFileReference; lastKnownFileType = file.storyboard; name = Base; path = Base.lproj/Main.storyboard; sourceTree = "<group>"; };
		4E248CA92040F7460063AF78 /* Assets.xcassets */ = {isa = PBXFileReference; lastKnownFileType = folder.assetcatalog; path = Assets.xcassets; sourceTree = "<group>"; };
		4E248CAC2040F7460063AF78 /* Base */ = {isa = PBXFileReference; lastKnownFileType = file.storyboard; name = Base; path = Base.lproj/LaunchScreen.storyboard; sourceTree = "<group>"; };
		4E248CAE2040F7460063AF78 /* Info.plist */ = {isa = PBXFileReference; lastKnownFileType = text.plist.xml; path = Info.plist; sourceTree = "<group>"; };
		4E248CB32040F7460063AF78 /* Park-ItTests.xctest */ = {isa = PBXFileReference; explicitFileType = wrapper.cfbundle; includeInIndex = 0; path = "Park-ItTests.xctest"; sourceTree = BUILT_PRODUCTS_DIR; };
		4E248CB72040F7460063AF78 /* Park_ItTests.swift */ = {isa = PBXFileReference; lastKnownFileType = sourcecode.swift; path = Park_ItTests.swift; sourceTree = "<group>"; };
		4E248CB92040F7460063AF78 /* Info.plist */ = {isa = PBXFileReference; lastKnownFileType = text.plist.xml; path = Info.plist; sourceTree = "<group>"; };
		4E248CBE2040F7460063AF78 /* Park-ItUITests.xctest */ = {isa = PBXFileReference; explicitFileType = wrapper.cfbundle; includeInIndex = 0; path = "Park-ItUITests.xctest"; sourceTree = BUILT_PRODUCTS_DIR; };
		4E248CC22040F7460063AF78 /* Park_ItUITests.swift */ = {isa = PBXFileReference; lastKnownFileType = sourcecode.swift; path = Park_ItUITests.swift; sourceTree = "<group>"; };
		4E248CC42040F7460063AF78 /* Info.plist */ = {isa = PBXFileReference; lastKnownFileType = text.plist.xml; path = Info.plist; sourceTree = "<group>"; };
		4E248CD0204112650063AF78 /* GoogleService-Info.plist */ = {isa = PBXFileReference; fileEncoding = 4; lastKnownFileType = text.plist.xml; path = "GoogleService-Info.plist"; sourceTree = "<group>"; };
		4E248CD4204127800063AF78 /* loginViewController.swift */ = {isa = PBXFileReference; lastKnownFileType = sourcecode.swift; path = loginViewController.swift; sourceTree = "<group>"; };
		4E248CD62041315E0063AF78 /* CarRegistrationViewController.swift */ = {isa = PBXFileReference; lastKnownFileType = sourcecode.swift; path = CarRegistrationViewController.swift; sourceTree = "<group>"; };
		4E248CD920415AD60063AF78 /* MyAPIClient.swift */ = {isa = PBXFileReference; fileEncoding = 4; lastKnownFileType = sourcecode.swift; path = MyAPIClient.swift; sourceTree = "<group>"; };
		4E248CDA20415AD60063AF78 /* CheckoutViewController.swift */ = {isa = PBXFileReference; fileEncoding = 4; lastKnownFileType = sourcecode.swift; path = CheckoutViewController.swift; sourceTree = "<group>"; };
		4E248CDB20415AD60063AF78 /* PaymentContextFooterView.swift */ = {isa = PBXFileReference; fileEncoding = 4; lastKnownFileType = sourcecode.swift; path = PaymentContextFooterView.swift; sourceTree = "<group>"; };
		4E248CDC20415AD60063AF78 /* SettingsViewController.swift */ = {isa = PBXFileReference; fileEncoding = 4; lastKnownFileType = sourcecode.swift; path = SettingsViewController.swift; sourceTree = "<group>"; };
		4E248CDD20415AD60063AF78 /* BrowseProductsViewController.swift */ = {isa = PBXFileReference; fileEncoding = 4; lastKnownFileType = sourcecode.swift; path = BrowseProductsViewController.swift; sourceTree = "<group>"; };
		4E248CDE20415AD70063AF78 /* Buttons.swift */ = {isa = PBXFileReference; fileEncoding = 4; lastKnownFileType = sourcecode.swift; path = Buttons.swift; sourceTree = "<group>"; };
		4E248CDF20415AD70063AF78 /* CheckoutRowView.swift */ = {isa = PBXFileReference; fileEncoding = 4; lastKnownFileType = sourcecode.swift; path = CheckoutRowView.swift; sourceTree = "<group>"; };
		4E248CEB2041D7F20063AF78 /* PaymentInfoViewController.swift */ = {isa = PBXFileReference; lastKnownFileType = sourcecode.swift; path = PaymentInfoViewController.swift; sourceTree = "<group>"; };
		4E248CEF2042056F0063AF78 /* Park-It-Bridging-Header.h */ = {isa = PBXFileReference; lastKnownFileType = sourcecode.c.h; path = "Park-It-Bridging-Header.h"; sourceTree = "<group>"; };
		4E248CF0204205700063AF78 /* SWRevealViewController.h */ = {isa = PBXFileReference; fileEncoding = 4; lastKnownFileType = sourcecode.c.h; path = SWRevealViewController.h; sourceTree = "<group>"; };
		4E248CF1204205710063AF78 /* SWRevealViewController.m */ = {isa = PBXFileReference; fileEncoding = 4; lastKnownFileType = sourcecode.c.objc; path = SWRevealViewController.m; sourceTree = "<group>"; };
		4E248CF3204206EF0063AF78 /* UserDashboardViewController.swift */ = {isa = PBXFileReference; lastKnownFileType = sourcecode.swift; path = UserDashboardViewController.swift; sourceTree = "<group>"; };
		4E248CF5204224BF0063AF78 /* BackTableVC.swift */ = {isa = PBXFileReference; lastKnownFileType = sourcecode.swift; path = BackTableVC.swift; sourceTree = "<group>"; };
		5A1F85EF93FEBE4FF6E8292F /* Pods-Park-ItTests.debug.xcconfig */ = {isa = PBXFileReference; includeInIndex = 1; lastKnownFileType = text.xcconfig; name = "Pods-Park-ItTests.debug.xcconfig"; path = "Pods/Target Support Files/Pods-Park-ItTests/Pods-Park-ItTests.debug.xcconfig"; sourceTree = "<group>"; };
		96FC7C56A75248612C50E425 /* Pods_Park_ItTests.framework */ = {isa = PBXFileReference; explicitFileType = wrapper.framework; includeInIndex = 0; path = Pods_Park_ItTests.framework; sourceTree = BUILT_PRODUCTS_DIR; };
		973D4B2253513D4C6D696EDE /* Pods-Park-It.debug.xcconfig */ = {isa = PBXFileReference; includeInIndex = 1; lastKnownFileType = text.xcconfig; name = "Pods-Park-It.debug.xcconfig"; path = "Pods/Target Support Files/Pods-Park-It/Pods-Park-It.debug.xcconfig"; sourceTree = "<group>"; };
		BADDB4385C93B4D4CAA205A7 /* Pods_Park_It.framework */ = {isa = PBXFileReference; explicitFileType = wrapper.framework; includeInIndex = 0; path = Pods_Park_It.framework; sourceTree = BUILT_PRODUCTS_DIR; };
		CF42C6FB1D326C4DEAAE147F /* Pods-Park-ItUITests.debug.xcconfig */ = {isa = PBXFileReference; includeInIndex = 1; lastKnownFileType = text.xcconfig; name = "Pods-Park-ItUITests.debug.xcconfig"; path = "Pods/Target Support Files/Pods-Park-ItUITests/Pods-Park-ItUITests.debug.xcconfig"; sourceTree = "<group>"; };
		CF86EFA59B7F69353CA9D5E1 /* Pods-Park-It.release.xcconfig */ = {isa = PBXFileReference; includeInIndex = 1; lastKnownFileType = text.xcconfig; name = "Pods-Park-It.release.xcconfig"; path = "Pods/Target Support Files/Pods-Park-It/Pods-Park-It.release.xcconfig"; sourceTree = "<group>"; };
/* End PBXFileReference section */

/* Begin PBXFrameworksBuildPhase section */
		4E248C9C2040F7460063AF78 /* Frameworks */ = {
			isa = PBXFrameworksBuildPhase;
			buildActionMask = 2147483647;
			files = (
				E9F80CBE0F9D85C1D8B91415 /* Pods_Park_It.framework in Frameworks */,
			);
			runOnlyForDeploymentPostprocessing = 0;
		};
		4E248CB02040F7460063AF78 /* Frameworks */ = {
			isa = PBXFrameworksBuildPhase;
			buildActionMask = 2147483647;
			files = (
				5E60FD6F181A2A4B7AFBEB72 /* Pods_Park_ItTests.framework in Frameworks */,
			);
			runOnlyForDeploymentPostprocessing = 0;
		};
		4E248CBB2040F7460063AF78 /* Frameworks */ = {
			isa = PBXFrameworksBuildPhase;
			buildActionMask = 2147483647;
			files = (
				2F327826E6F21123574BEEA1 /* Pods_Park_ItUITests.framework in Frameworks */,
			);
			runOnlyForDeploymentPostprocessing = 0;
		};
/* End PBXFrameworksBuildPhase section */

/* Begin PBXGroup section */
		4E248C962040F7460063AF78 = {
			isa = PBXGroup;
			children = (
				4E248CA12040F7460063AF78 /* Park-It */,
				4E248CB62040F7460063AF78 /* Park-ItTests */,
				4E248CC12040F7460063AF78 /* Park-ItUITests */,
				4E248CA02040F7460063AF78 /* Products */,
				E4447B5494295719A3A3FC4B /* Pods */,
				CEF4606E1BBB36360C1EEF69 /* Frameworks */,
			);
			sourceTree = "<group>";
		};
		4E248CA02040F7460063AF78 /* Products */ = {
			isa = PBXGroup;
			children = (
				4E248C9F2040F7460063AF78 /* Park-It.app */,
				4E248CB32040F7460063AF78 /* Park-ItTests.xctest */,
				4E248CBE2040F7460063AF78 /* Park-ItUITests.xctest */,
			);
			name = Products;
			sourceTree = "<group>";
		};
		4E248CA12040F7460063AF78 /* Park-It */ = {
			isa = PBXGroup;
			children = (
				4E248CD820415AB80063AF78 /* Stripe */,
				4E248CA22040F7460063AF78 /* AppDelegate.swift */,
				4E248CA42040F7460063AF78 /* ViewController.swift */,
				4E248CD4204127800063AF78 /* loginViewController.swift */,
				4E248CA62040F7460063AF78 /* Main.storyboard */,
				4E248CA92040F7460063AF78 /* Assets.xcassets */,
				4E248CAB2040F7460063AF78 /* LaunchScreen.storyboard */,
				4E248CD0204112650063AF78 /* GoogleService-Info.plist */,
				4E248CF0204205700063AF78 /* SWRevealViewController.h */,
				4E248CF1204205710063AF78 /* SWRevealViewController.m */,
				4E248CAE2040F7460063AF78 /* Info.plist */,
				4E248CD62041315E0063AF78 /* CarRegistrationViewController.swift */,
				4E248CEB2041D7F20063AF78 /* PaymentInfoViewController.swift */,
				4E248CEF2042056F0063AF78 /* Park-It-Bridging-Header.h */,
				4E248CF3204206EF0063AF78 /* UserDashboardViewController.swift */,
				4E248CF5204224BF0063AF78 /* BackTableVC.swift */,
			);
			path = "Park-It";
			sourceTree = "<group>";
		};
		4E248CB62040F7460063AF78 /* Park-ItTests */ = {
			isa = PBXGroup;
			children = (
				4E248CB72040F7460063AF78 /* Park_ItTests.swift */,
				4E248CB92040F7460063AF78 /* Info.plist */,
			);
			path = "Park-ItTests";
			sourceTree = "<group>";
		};
		4E248CC12040F7460063AF78 /* Park-ItUITests */ = {
			isa = PBXGroup;
			children = (
				4E248CC22040F7460063AF78 /* Park_ItUITests.swift */,
				4E248CC42040F7460063AF78 /* Info.plist */,
			);
			path = "Park-ItUITests";
			sourceTree = "<group>";
		};
		4E248CD820415AB80063AF78 /* Stripe */ = {
			isa = PBXGroup;
			children = (
				4E248CDD20415AD60063AF78 /* BrowseProductsViewController.swift */,
				4E248CDE20415AD70063AF78 /* Buttons.swift */,
				4E248CDF20415AD70063AF78 /* CheckoutRowView.swift */,
				4E248CDA20415AD60063AF78 /* CheckoutViewController.swift */,
				4E248CD920415AD60063AF78 /* MyAPIClient.swift */,
				4E248CDB20415AD60063AF78 /* PaymentContextFooterView.swift */,
				4E248CDC20415AD60063AF78 /* SettingsViewController.swift */,
			);
			path = Stripe;
			sourceTree = "<group>";
		};
		CEF4606E1BBB36360C1EEF69 /* Frameworks */ = {
			isa = PBXGroup;
			children = (
				BADDB4385C93B4D4CAA205A7 /* Pods_Park_It.framework */,
				96FC7C56A75248612C50E425 /* Pods_Park_ItTests.framework */,
				2822FC8339901507B2A03929 /* Pods_Park_ItUITests.framework */,
			);
			name = Frameworks;
			sourceTree = "<group>";
		};
		E4447B5494295719A3A3FC4B /* Pods */ = {
			isa = PBXGroup;
			children = (
				973D4B2253513D4C6D696EDE /* Pods-Park-It.debug.xcconfig */,
				CF86EFA59B7F69353CA9D5E1 /* Pods-Park-It.release.xcconfig */,
				5A1F85EF93FEBE4FF6E8292F /* Pods-Park-ItTests.debug.xcconfig */,
				38F2F8DE8E972D4190E9055A /* Pods-Park-ItTests.release.xcconfig */,
				CF42C6FB1D326C4DEAAE147F /* Pods-Park-ItUITests.debug.xcconfig */,
				2E29F02EF2140DBC98E3A6C7 /* Pods-Park-ItUITests.release.xcconfig */,
			);
			name = Pods;
			sourceTree = "<group>";
		};
/* End PBXGroup section */

/* Begin PBXNativeTarget section */
		4E248C9E2040F7460063AF78 /* Park-It */ = {
			isa = PBXNativeTarget;
			buildConfigurationList = 4E248CC72040F7460063AF78 /* Build configuration list for PBXNativeTarget "Park-It" */;
			buildPhases = (
				D809197BB5C58E02FF23442A /* [CP] Check Pods Manifest.lock */,
				4E248C9B2040F7460063AF78 /* Sources */,
				4E248C9C2040F7460063AF78 /* Frameworks */,
				4E248C9D2040F7460063AF78 /* Resources */,
				5B88FB059805750E75731E1C /* [CP] Embed Pods Frameworks */,
				FB815C3C74FA89FA1A00CC98 /* [CP] Copy Pods Resources */,
			);
			buildRules = (
			);
			dependencies = (
			);
			name = "Park-It";
			productName = "Park-It";
			productReference = 4E248C9F2040F7460063AF78 /* Park-It.app */;
			productType = "com.apple.product-type.application";
		};
		4E248CB22040F7460063AF78 /* Park-ItTests */ = {
			isa = PBXNativeTarget;
			buildConfigurationList = 4E248CCA2040F7460063AF78 /* Build configuration list for PBXNativeTarget "Park-ItTests" */;
			buildPhases = (
				5A84FDF40F221BEA8F268C0D /* [CP] Check Pods Manifest.lock */,
				4E248CAF2040F7460063AF78 /* Sources */,
				4E248CB02040F7460063AF78 /* Frameworks */,
				4E248CB12040F7460063AF78 /* Resources */,
				1D9FD7E7D2138E20C63BD88F /* [CP] Embed Pods Frameworks */,
				60F387CF7171E74714F23CEE /* [CP] Copy Pods Resources */,
			);
			buildRules = (
			);
			dependencies = (
				4E248CB52040F7460063AF78 /* PBXTargetDependency */,
			);
			name = "Park-ItTests";
			productName = "Park-ItTests";
			productReference = 4E248CB32040F7460063AF78 /* Park-ItTests.xctest */;
			productType = "com.apple.product-type.bundle.unit-test";
		};
		4E248CBD2040F7460063AF78 /* Park-ItUITests */ = {
			isa = PBXNativeTarget;
			buildConfigurationList = 4E248CCD2040F7460063AF78 /* Build configuration list for PBXNativeTarget "Park-ItUITests" */;
			buildPhases = (
				205B492C1A9500DEAC112926 /* [CP] Check Pods Manifest.lock */,
				4E248CBA2040F7460063AF78 /* Sources */,
				4E248CBB2040F7460063AF78 /* Frameworks */,
				4E248CBC2040F7460063AF78 /* Resources */,
				4F6889116DB4100C611A130B /* [CP] Embed Pods Frameworks */,
				C162291026FFD092E8CF429D /* [CP] Copy Pods Resources */,
			);
			buildRules = (
			);
			dependencies = (
				4E248CC02040F7460063AF78 /* PBXTargetDependency */,
			);
			name = "Park-ItUITests";
			productName = "Park-ItUITests";
			productReference = 4E248CBE2040F7460063AF78 /* Park-ItUITests.xctest */;
			productType = "com.apple.product-type.bundle.ui-testing";
		};
/* End PBXNativeTarget section */

/* Begin PBXProject section */
		4E248C972040F7460063AF78 /* Project object */ = {
			isa = PBXProject;
			attributes = {
				LastSwiftUpdateCheck = 0920;
				LastUpgradeCheck = 0920;
				ORGANIZATIONNAME = Kinshuk;
				TargetAttributes = {
					4E248C9E2040F7460063AF78 = {
						CreatedOnToolsVersion = 9.2;
						LastSwiftMigration = 0920;
						ProvisioningStyle = Automatic;
					};
					4E248CB22040F7460063AF78 = {
						CreatedOnToolsVersion = 9.2;
						ProvisioningStyle = Automatic;
						TestTargetID = 4E248C9E2040F7460063AF78;
					};
					4E248CBD2040F7460063AF78 = {
						CreatedOnToolsVersion = 9.2;
						ProvisioningStyle = Automatic;
						TestTargetID = 4E248C9E2040F7460063AF78;
					};
				};
			};
			buildConfigurationList = 4E248C9A2040F7460063AF78 /* Build configuration list for PBXProject "Park-It" */;
			compatibilityVersion = "Xcode 8.0";
			developmentRegion = en;
			hasScannedForEncodings = 0;
			knownRegions = (
				en,
				Base,
			);
			mainGroup = 4E248C962040F7460063AF78;
			productRefGroup = 4E248CA02040F7460063AF78 /* Products */;
			projectDirPath = "";
			projectRoot = "";
			targets = (
				4E248C9E2040F7460063AF78 /* Park-It */,
				4E248CB22040F7460063AF78 /* Park-ItTests */,
				4E248CBD2040F7460063AF78 /* Park-ItUITests */,
			);
		};
/* End PBXProject section */

/* Begin PBXResourcesBuildPhase section */
		4E248C9D2040F7460063AF78 /* Resources */ = {
			isa = PBXResourcesBuildPhase;
			buildActionMask = 2147483647;
			files = (
				4E248CAD2040F7460063AF78 /* LaunchScreen.storyboard in Resources */,
				4E248CD1204112650063AF78 /* GoogleService-Info.plist in Resources */,
				4E248CAA2040F7460063AF78 /* Assets.xcassets in Resources */,
				4E248CA82040F7460063AF78 /* Main.storyboard in Resources */,
			);
			runOnlyForDeploymentPostprocessing = 0;
		};
		4E248CB12040F7460063AF78 /* Resources */ = {
			isa = PBXResourcesBuildPhase;
			buildActionMask = 2147483647;
			files = (
			);
			runOnlyForDeploymentPostprocessing = 0;
		};
		4E248CBC2040F7460063AF78 /* Resources */ = {
			isa = PBXResourcesBuildPhase;
			buildActionMask = 2147483647;
			files = (
			);
			runOnlyForDeploymentPostprocessing = 0;
		};
/* End PBXResourcesBuildPhase section */

/* Begin PBXShellScriptBuildPhase section */
		1D9FD7E7D2138E20C63BD88F /* [CP] Embed Pods Frameworks */ = {
			isa = PBXShellScriptBuildPhase;
			buildActionMask = 2147483647;
			files = (
			);
			inputPaths = (
			);
			name = "[CP] Embed Pods Frameworks";
			outputPaths = (
			);
			runOnlyForDeploymentPostprocessing = 0;
			shellPath = /bin/sh;
			shellScript = "\"${SRCROOT}/Pods/Target Support Files/Pods-Park-ItTests/Pods-Park-ItTests-frameworks.sh\"\n";
			showEnvVarsInLog = 0;
		};
		205B492C1A9500DEAC112926 /* [CP] Check Pods Manifest.lock */ = {
			isa = PBXShellScriptBuildPhase;
			buildActionMask = 2147483647;
			files = (
			);
			inputPaths = (
				"${PODS_PODFILE_DIR_PATH}/Podfile.lock",
				"${PODS_ROOT}/Manifest.lock",
			);
			name = "[CP] Check Pods Manifest.lock";
			outputPaths = (
				"$(DERIVED_FILE_DIR)/Pods-Park-ItUITests-checkManifestLockResult.txt",
			);
			runOnlyForDeploymentPostprocessing = 0;
			shellPath = /bin/sh;
			shellScript = "diff \"${PODS_PODFILE_DIR_PATH}/Podfile.lock\" \"${PODS_ROOT}/Manifest.lock\" > /dev/null\nif [ $? != 0 ] ; then\n    # print error to STDERR\n    echo \"error: The sandbox is not in sync with the Podfile.lock. Run 'pod install' or update your CocoaPods installation.\" >&2\n    exit 1\nfi\n# This output is used by Xcode 'outputs' to avoid re-running this script phase.\necho \"SUCCESS\" > \"${SCRIPT_OUTPUT_FILE_0}\"\n";
			showEnvVarsInLog = 0;
		};
		4F6889116DB4100C611A130B /* [CP] Embed Pods Frameworks */ = {
			isa = PBXShellScriptBuildPhase;
			buildActionMask = 2147483647;
			files = (
			);
			inputPaths = (
			);
			name = "[CP] Embed Pods Frameworks";
			outputPaths = (
			);
			runOnlyForDeploymentPostprocessing = 0;
			shellPath = /bin/sh;
			shellScript = "\"${SRCROOT}/Pods/Target Support Files/Pods-Park-ItUITests/Pods-Park-ItUITests-frameworks.sh\"\n";
			showEnvVarsInLog = 0;
		};
		5A84FDF40F221BEA8F268C0D /* [CP] Check Pods Manifest.lock */ = {
			isa = PBXShellScriptBuildPhase;
			buildActionMask = 2147483647;
			files = (
			);
			inputPaths = (
				"${PODS_PODFILE_DIR_PATH}/Podfile.lock",
				"${PODS_ROOT}/Manifest.lock",
			);
			name = "[CP] Check Pods Manifest.lock";
			outputPaths = (
				"$(DERIVED_FILE_DIR)/Pods-Park-ItTests-checkManifestLockResult.txt",
			);
			runOnlyForDeploymentPostprocessing = 0;
			shellPath = /bin/sh;
			shellScript = "diff \"${PODS_PODFILE_DIR_PATH}/Podfile.lock\" \"${PODS_ROOT}/Manifest.lock\" > /dev/null\nif [ $? != 0 ] ; then\n    # print error to STDERR\n    echo \"error: The sandbox is not in sync with the Podfile.lock. Run 'pod install' or update your CocoaPods installation.\" >&2\n    exit 1\nfi\n# This output is used by Xcode 'outputs' to avoid re-running this script phase.\necho \"SUCCESS\" > \"${SCRIPT_OUTPUT_FILE_0}\"\n";
			showEnvVarsInLog = 0;
		};
		5B88FB059805750E75731E1C /* [CP] Embed Pods Frameworks */ = {
			isa = PBXShellScriptBuildPhase;
			buildActionMask = 2147483647;
			files = (
			);
			inputPaths = (
				"${SRCROOT}/Pods/Target Support Files/Pods-Park-It/Pods-Park-It-frameworks.sh",
				"${BUILT_PRODUCTS_DIR}/Alamofire/Alamofire.framework",
				"${BUILT_PRODUCTS_DIR}/GTMSessionFetcher/GTMSessionFetcher.framework",
				"${BUILT_PRODUCTS_DIR}/GoogleToolboxForMac/GoogleToolboxForMac.framework",
				"${BUILT_PRODUCTS_DIR}/MonthYearPicker/MonthYearPicker.framework",
				"${BUILT_PRODUCTS_DIR}/Stripe/Stripe.framework",
				"${BUILT_PRODUCTS_DIR}/leveldb-library/leveldb.framework",
				"${BUILT_PRODUCTS_DIR}/nanopb/nanopb.framework",
			);
			name = "[CP] Embed Pods Frameworks";
			outputPaths = (
				"${TARGET_BUILD_DIR}/${FRAMEWORKS_FOLDER_PATH}/Alamofire.framework",
				"${TARGET_BUILD_DIR}/${FRAMEWORKS_FOLDER_PATH}/GTMSessionFetcher.framework",
				"${TARGET_BUILD_DIR}/${FRAMEWORKS_FOLDER_PATH}/GoogleToolboxForMac.framework",
				"${TARGET_BUILD_DIR}/${FRAMEWORKS_FOLDER_PATH}/MonthYearPicker.framework",
				"${TARGET_BUILD_DIR}/${FRAMEWORKS_FOLDER_PATH}/Stripe.framework",
				"${TARGET_BUILD_DIR}/${FRAMEWORKS_FOLDER_PATH}/leveldb.framework",
				"${TARGET_BUILD_DIR}/${FRAMEWORKS_FOLDER_PATH}/nanopb.framework",
			);
			runOnlyForDeploymentPostprocessing = 0;
			shellPath = /bin/sh;
			shellScript = "\"${SRCROOT}/Pods/Target Support Files/Pods-Park-It/Pods-Park-It-frameworks.sh\"\n";
			showEnvVarsInLog = 0;
		};
		60F387CF7171E74714F23CEE /* [CP] Copy Pods Resources */ = {
			isa = PBXShellScriptBuildPhase;
			buildActionMask = 2147483647;
			files = (
			);
			inputPaths = (
			);
			name = "[CP] Copy Pods Resources";
			outputPaths = (
			);
			runOnlyForDeploymentPostprocessing = 0;
			shellPath = /bin/sh;
			shellScript = "\"${SRCROOT}/Pods/Target Support Files/Pods-Park-ItTests/Pods-Park-ItTests-resources.sh\"\n";
			showEnvVarsInLog = 0;
		};
		C162291026FFD092E8CF429D /* [CP] Copy Pods Resources */ = {
			isa = PBXShellScriptBuildPhase;
			buildActionMask = 2147483647;
			files = (
			);
			inputPaths = (
			);
			name = "[CP] Copy Pods Resources";
			outputPaths = (
			);
			runOnlyForDeploymentPostprocessing = 0;
			shellPath = /bin/sh;
			shellScript = "\"${SRCROOT}/Pods/Target Support Files/Pods-Park-ItUITests/Pods-Park-ItUITests-resources.sh\"\n";
			showEnvVarsInLog = 0;
		};
		D809197BB5C58E02FF23442A /* [CP] Check Pods Manifest.lock */ = {
			isa = PBXShellScriptBuildPhase;
			buildActionMask = 2147483647;
			files = (
			);
			inputPaths = (
				"${PODS_PODFILE_DIR_PATH}/Podfile.lock",
				"${PODS_ROOT}/Manifest.lock",
			);
			name = "[CP] Check Pods Manifest.lock";
			outputPaths = (
				"$(DERIVED_FILE_DIR)/Pods-Park-It-checkManifestLockResult.txt",
			);
			runOnlyForDeploymentPostprocessing = 0;
			shellPath = /bin/sh;
			shellScript = "diff \"${PODS_PODFILE_DIR_PATH}/Podfile.lock\" \"${PODS_ROOT}/Manifest.lock\" > /dev/null\nif [ $? != 0 ] ; then\n    # print error to STDERR\n    echo \"error: The sandbox is not in sync with the Podfile.lock. Run 'pod install' or update your CocoaPods installation.\" >&2\n    exit 1\nfi\n# This output is used by Xcode 'outputs' to avoid re-running this script phase.\necho \"SUCCESS\" > \"${SCRIPT_OUTPUT_FILE_0}\"\n";
			showEnvVarsInLog = 0;
		};
		FB815C3C74FA89FA1A00CC98 /* [CP] Copy Pods Resources */ = {
			isa = PBXShellScriptBuildPhase;
			buildActionMask = 2147483647;
			files = (
			);
			inputPaths = (
			);
			name = "[CP] Copy Pods Resources";
			outputPaths = (
			);
			runOnlyForDeploymentPostprocessing = 0;
			shellPath = /bin/sh;
			shellScript = "\"${SRCROOT}/Pods/Target Support Files/Pods-Park-It/Pods-Park-It-resources.sh\"\n";
			showEnvVarsInLog = 0;
		};
/* End PBXShellScriptBuildPhase section */

/* Begin PBXSourcesBuildPhase section */
		4E248C9B2040F7460063AF78 /* Sources */ = {
			isa = PBXSourcesBuildPhase;
			buildActionMask = 2147483647;
			files = (
				4E248CE620415AD70063AF78 /* CheckoutRowView.swift in Sources */,
				4E248CE420415AD70063AF78 /* BrowseProductsViewController.swift in Sources */,
				4E248CA52040F7460063AF78 /* ViewController.swift in Sources */,
				4E248CA32040F7460063AF78 /* AppDelegate.swift in Sources */,
				4E248CE020415AD70063AF78 /* MyAPIClient.swift in Sources */,
				4E248CD72041315E0063AF78 /* CarRegistrationViewController.swift in Sources */,
				4E248CF4204206EF0063AF78 /* UserDashboardViewController.swift in Sources */,
				4E248CE520415AD70063AF78 /* Buttons.swift in Sources */,
				4E248CF2204205710063AF78 /* SWRevealViewController.m in Sources */,
				4E248CE220415AD70063AF78 /* PaymentContextFooterView.swift in Sources */,
				4E248CE120415AD70063AF78 /* CheckoutViewController.swift in Sources */,
				4E248CF6204224BF0063AF78 /* BackTableVC.swift in Sources */,
				4E248CD5204127800063AF78 /* loginViewController.swift in Sources */,
				4E248CE320415AD70063AF78 /* SettingsViewController.swift in Sources */,
				4E248CEC2041D7F20063AF78 /* PaymentInfoViewController.swift in Sources */,
			);
			runOnlyForDeploymentPostprocessing = 0;
		};
		4E248CAF2040F7460063AF78 /* Sources */ = {
			isa = PBXSourcesBuildPhase;
			buildActionMask = 2147483647;
			files = (
				4E248CB82040F7460063AF78 /* Park_ItTests.swift in Sources */,
			);
			runOnlyForDeploymentPostprocessing = 0;
		};
		4E248CBA2040F7460063AF78 /* Sources */ = {
			isa = PBXSourcesBuildPhase;
			buildActionMask = 2147483647;
			files = (
				4E248CC32040F7460063AF78 /* Park_ItUITests.swift in Sources */,
			);
			runOnlyForDeploymentPostprocessing = 0;
		};
/* End PBXSourcesBuildPhase section */

/* Begin PBXTargetDependency section */
		4E248CB52040F7460063AF78 /* PBXTargetDependency */ = {
			isa = PBXTargetDependency;
			target = 4E248C9E2040F7460063AF78 /* Park-It */;
			targetProxy = 4E248CB42040F7460063AF78 /* PBXContainerItemProxy */;
		};
		4E248CC02040F7460063AF78 /* PBXTargetDependency */ = {
			isa = PBXTargetDependency;
			target = 4E248C9E2040F7460063AF78 /* Park-It */;
			targetProxy = 4E248CBF2040F7460063AF78 /* PBXContainerItemProxy */;
		};
/* End PBXTargetDependency section */

/* Begin PBXVariantGroup section */
		4E248CA62040F7460063AF78 /* Main.storyboard */ = {
			isa = PBXVariantGroup;
			children = (
				4E248CA72040F7460063AF78 /* Base */,
			);
			name = Main.storyboard;
			sourceTree = "<group>";
		};
		4E248CAB2040F7460063AF78 /* LaunchScreen.storyboard */ = {
			isa = PBXVariantGroup;
			children = (
				4E248CAC2040F7460063AF78 /* Base */,
			);
			name = LaunchScreen.storyboard;
			sourceTree = "<group>";
		};
/* End PBXVariantGroup section */

/* Begin XCBuildConfiguration section */
		4E248CC52040F7460063AF78 /* Debug */ = {
			isa = XCBuildConfiguration;
			buildSettings = {
				ALWAYS_SEARCH_USER_PATHS = NO;
				CLANG_ANALYZER_NONNULL = YES;
				CLANG_ANALYZER_NUMBER_OBJECT_CONVERSION = YES_AGGRESSIVE;
				CLANG_CXX_LANGUAGE_STANDARD = "gnu++14";
				CLANG_CXX_LIBRARY = "libc++";
				CLANG_ENABLE_MODULES = YES;
				CLANG_ENABLE_OBJC_ARC = YES;
				CLANG_WARN_BLOCK_CAPTURE_AUTORELEASING = YES;
				CLANG_WARN_BOOL_CONVERSION = YES;
				CLANG_WARN_COMMA = YES;
				CLANG_WARN_CONSTANT_CONVERSION = YES;
				CLANG_WARN_DIRECT_OBJC_ISA_USAGE = YES_ERROR;
				CLANG_WARN_DOCUMENTATION_COMMENTS = YES;
				CLANG_WARN_EMPTY_BODY = YES;
				CLANG_WARN_ENUM_CONVERSION = YES;
				CLANG_WARN_INFINITE_RECURSION = YES;
				CLANG_WARN_INT_CONVERSION = YES;
				CLANG_WARN_NON_LITERAL_NULL_CONVERSION = YES;
				CLANG_WARN_OBJC_LITERAL_CONVERSION = YES;
				CLANG_WARN_OBJC_ROOT_CLASS = YES_ERROR;
				CLANG_WARN_RANGE_LOOP_ANALYSIS = YES;
				CLANG_WARN_STRICT_PROTOTYPES = YES;
				CLANG_WARN_SUSPICIOUS_MOVE = YES;
				CLANG_WARN_UNGUARDED_AVAILABILITY = YES_AGGRESSIVE;
				CLANG_WARN_UNREACHABLE_CODE = YES;
				CLANG_WARN__DUPLICATE_METHOD_MATCH = YES;
				CODE_SIGN_IDENTITY = "iPhone Developer";
				COPY_PHASE_STRIP = NO;
				DEBUG_INFORMATION_FORMAT = dwarf;
				ENABLE_STRICT_OBJC_MSGSEND = YES;
				ENABLE_TESTABILITY = YES;
				GCC_C_LANGUAGE_STANDARD = gnu11;
				GCC_DYNAMIC_NO_PIC = NO;
				GCC_NO_COMMON_BLOCKS = YES;
				GCC_OPTIMIZATION_LEVEL = 0;
				GCC_PREPROCESSOR_DEFINITIONS = (
					"DEBUG=1",
					"$(inherited)",
				);
				GCC_WARN_64_TO_32_BIT_CONVERSION = YES;
				GCC_WARN_ABOUT_RETURN_TYPE = YES_ERROR;
				GCC_WARN_UNDECLARED_SELECTOR = YES;
				GCC_WARN_UNINITIALIZED_AUTOS = YES_AGGRESSIVE;
				GCC_WARN_UNUSED_FUNCTION = YES;
				GCC_WARN_UNUSED_VARIABLE = YES;
				IPHONEOS_DEPLOYMENT_TARGET = 11.2;
				MTL_ENABLE_DEBUG_INFO = YES;
				ONLY_ACTIVE_ARCH = YES;
				SDKROOT = iphoneos;
				SWIFT_ACTIVE_COMPILATION_CONDITIONS = DEBUG;
				SWIFT_OPTIMIZATION_LEVEL = "-Onone";
			};
			name = Debug;
		};
		4E248CC62040F7460063AF78 /* Release */ = {
			isa = XCBuildConfiguration;
			buildSettings = {
				ALWAYS_SEARCH_USER_PATHS = NO;
				CLANG_ANALYZER_NONNULL = YES;
				CLANG_ANALYZER_NUMBER_OBJECT_CONVERSION = YES_AGGRESSIVE;
				CLANG_CXX_LANGUAGE_STANDARD = "gnu++14";
				CLANG_CXX_LIBRARY = "libc++";
				CLANG_ENABLE_MODULES = YES;
				CLANG_ENABLE_OBJC_ARC = YES;
				CLANG_WARN_BLOCK_CAPTURE_AUTORELEASING = YES;
				CLANG_WARN_BOOL_CONVERSION = YES;
				CLANG_WARN_COMMA = YES;
				CLANG_WARN_CONSTANT_CONVERSION = YES;
				CLANG_WARN_DIRECT_OBJC_ISA_USAGE = YES_ERROR;
				CLANG_WARN_DOCUMENTATION_COMMENTS = YES;
				CLANG_WARN_EMPTY_BODY = YES;
				CLANG_WARN_ENUM_CONVERSION = YES;
				CLANG_WARN_INFINITE_RECURSION = YES;
				CLANG_WARN_INT_CONVERSION = YES;
				CLANG_WARN_NON_LITERAL_NULL_CONVERSION = YES;
				CLANG_WARN_OBJC_LITERAL_CONVERSION = YES;
				CLANG_WARN_OBJC_ROOT_CLASS = YES_ERROR;
				CLANG_WARN_RANGE_LOOP_ANALYSIS = YES;
				CLANG_WARN_STRICT_PROTOTYPES = YES;
				CLANG_WARN_SUSPICIOUS_MOVE = YES;
				CLANG_WARN_UNGUARDED_AVAILABILITY = YES_AGGRESSIVE;
				CLANG_WARN_UNREACHABLE_CODE = YES;
				CLANG_WARN__DUPLICATE_METHOD_MATCH = YES;
				CODE_SIGN_IDENTITY = "iPhone Developer";
				COPY_PHASE_STRIP = NO;
				DEBUG_INFORMATION_FORMAT = "dwarf-with-dsym";
				ENABLE_NS_ASSERTIONS = NO;
				ENABLE_STRICT_OBJC_MSGSEND = YES;
				GCC_C_LANGUAGE_STANDARD = gnu11;
				GCC_NO_COMMON_BLOCKS = YES;
				GCC_WARN_64_TO_32_BIT_CONVERSION = YES;
				GCC_WARN_ABOUT_RETURN_TYPE = YES_ERROR;
				GCC_WARN_UNDECLARED_SELECTOR = YES;
				GCC_WARN_UNINITIALIZED_AUTOS = YES_AGGRESSIVE;
				GCC_WARN_UNUSED_FUNCTION = YES;
				GCC_WARN_UNUSED_VARIABLE = YES;
				IPHONEOS_DEPLOYMENT_TARGET = 11.2;
				MTL_ENABLE_DEBUG_INFO = NO;
				SDKROOT = iphoneos;
				SWIFT_OPTIMIZATION_LEVEL = "-Owholemodule";
				VALIDATE_PRODUCT = YES;
			};
			name = Release;
		};
		4E248CC82040F7460063AF78 /* Debug */ = {
			isa = XCBuildConfiguration;
			baseConfigurationReference = 973D4B2253513D4C6D696EDE /* Pods-Park-It.debug.xcconfig */;
			buildSettings = {
				ASSETCATALOG_COMPILER_APPICON_NAME = AppIcon;
				CLANG_ENABLE_MODULES = YES;
				CODE_SIGN_STYLE = Automatic;
				DEVELOPMENT_TEAM = B3A8ZV73R9;
				INFOPLIST_FILE = "Park-It/Info.plist";
				LD_RUNPATH_SEARCH_PATHS = "$(inherited) @executable_path/Frameworks";
				PRODUCT_BUNDLE_IDENTIFIER = "ksk.Park-It";
				PRODUCT_NAME = "$(TARGET_NAME)";
				SWIFT_OBJC_BRIDGING_HEADER = "Park-It/Park-It-Bridging-Header.h";
				SWIFT_OPTIMIZATION_LEVEL = "-Onone";
				SWIFT_VERSION = 4.0;
				TARGETED_DEVICE_FAMILY = "1,2";
			};
			name = Debug;
		};
		4E248CC92040F7460063AF78 /* Release */ = {
			isa = XCBuildConfiguration;
			baseConfigurationReference = CF86EFA59B7F69353CA9D5E1 /* Pods-Park-It.release.xcconfig */;
			buildSettings = {
				ASSETCATALOG_COMPILER_APPICON_NAME = AppIcon;
				CLANG_ENABLE_MODULES = YES;
				CODE_SIGN_STYLE = Automatic;
				DEVELOPMENT_TEAM = B3A8ZV73R9;
				INFOPLIST_FILE = "Park-It/Info.plist";
				LD_RUNPATH_SEARCH_PATHS = "$(inherited) @executable_path/Frameworks";
				PRODUCT_BUNDLE_IDENTIFIER = "ksk.Park-It";
				PRODUCT_NAME = "$(TARGET_NAME)";
				SWIFT_OBJC_BRIDGING_HEADER = "Park-It/Park-It-Bridging-Header.h";
				SWIFT_VERSION = 4.0;
				TARGETED_DEVICE_FAMILY = "1,2";
			};
			name = Release;
		};
		4E248CCB2040F7460063AF78 /* Debug */ = {
			isa = XCBuildConfiguration;
			baseConfigurationReference = 5A1F85EF93FEBE4FF6E8292F /* Pods-Park-ItTests.debug.xcconfig */;
			buildSettings = {
				ALWAYS_EMBED_SWIFT_STANDARD_LIBRARIES = YES;
				BUNDLE_LOADER = "$(TEST_HOST)";
				CODE_SIGN_STYLE = Automatic;
				DEVELOPMENT_TEAM = B3A8ZV73R9;
				INFOPLIST_FILE = "Park-ItTests/Info.plist";
				LD_RUNPATH_SEARCH_PATHS = "$(inherited) @executable_path/Frameworks @loader_path/Frameworks";
				PRODUCT_BUNDLE_IDENTIFIER = "ksk.Park-ItTests";
				PRODUCT_NAME = "$(TARGET_NAME)";
				SWIFT_VERSION = 4.0;
				TARGETED_DEVICE_FAMILY = "1,2";
				TEST_HOST = "$(BUILT_PRODUCTS_DIR)/Park-It.app/Park-It";
			};
			name = Debug;
		};
		4E248CCC2040F7460063AF78 /* Release */ = {
			isa = XCBuildConfiguration;
			baseConfigurationReference = 38F2F8DE8E972D4190E9055A /* Pods-Park-ItTests.release.xcconfig */;
			buildSettings = {
				ALWAYS_EMBED_SWIFT_STANDARD_LIBRARIES = YES;
				BUNDLE_LOADER = "$(TEST_HOST)";
				CODE_SIGN_STYLE = Automatic;
				DEVELOPMENT_TEAM = B3A8ZV73R9;
				INFOPLIST_FILE = "Park-ItTests/Info.plist";
				LD_RUNPATH_SEARCH_PATHS = "$(inherited) @executable_path/Frameworks @loader_path/Frameworks";
				PRODUCT_BUNDLE_IDENTIFIER = "ksk.Park-ItTests";
				PRODUCT_NAME = "$(TARGET_NAME)";
				SWIFT_VERSION = 4.0;
				TARGETED_DEVICE_FAMILY = "1,2";
				TEST_HOST = "$(BUILT_PRODUCTS_DIR)/Park-It.app/Park-It";
			};
			name = Release;
		};
		4E248CCE2040F7460063AF78 /* Debug */ = {
			isa = XCBuildConfiguration;
			baseConfigurationReference = CF42C6FB1D326C4DEAAE147F /* Pods-Park-ItUITests.debug.xcconfig */;
			buildSettings = {
				ALWAYS_EMBED_SWIFT_STANDARD_LIBRARIES = YES;
				CODE_SIGN_STYLE = Automatic;
				DEVELOPMENT_TEAM = B3A8ZV73R9;
				INFOPLIST_FILE = "Park-ItUITests/Info.plist";
				LD_RUNPATH_SEARCH_PATHS = "$(inherited) @executable_path/Frameworks @loader_path/Frameworks";
				PRODUCT_BUNDLE_IDENTIFIER = "ksk.Park-ItUITests";
				PRODUCT_NAME = "$(TARGET_NAME)";
				SWIFT_VERSION = 4.0;
				TARGETED_DEVICE_FAMILY = "1,2";
				TEST_TARGET_NAME = "Park-It";
			};
			name = Debug;
		};
		4E248CCF2040F7460063AF78 /* Release */ = {
			isa = XCBuildConfiguration;
			baseConfigurationReference = 2E29F02EF2140DBC98E3A6C7 /* Pods-Park-ItUITests.release.xcconfig */;
			buildSettings = {
				ALWAYS_EMBED_SWIFT_STANDARD_LIBRARIES = YES;
				CODE_SIGN_STYLE = Automatic;
				DEVELOPMENT_TEAM = B3A8ZV73R9;
				INFOPLIST_FILE = "Park-ItUITests/Info.plist";
				LD_RUNPATH_SEARCH_PATHS = "$(inherited) @executable_path/Frameworks @loader_path/Frameworks";
				PRODUCT_BUNDLE_IDENTIFIER = "ksk.Park-ItUITests";
				PRODUCT_NAME = "$(TARGET_NAME)";
				SWIFT_VERSION = 4.0;
				TARGETED_DEVICE_FAMILY = "1,2";
				TEST_TARGET_NAME = "Park-It";
			};
			name = Release;
		};
/* End XCBuildConfiguration section */

/* Begin XCConfigurationList section */
		4E248C9A2040F7460063AF78 /* Build configuration list for PBXProject "Park-It" */ = {
			isa = XCConfigurationList;
			buildConfigurations = (
				4E248CC52040F7460063AF78 /* Debug */,
				4E248CC62040F7460063AF78 /* Release */,
			);
			defaultConfigurationIsVisible = 0;
			defaultConfigurationName = Release;
		};
		4E248CC72040F7460063AF78 /* Build configuration list for PBXNativeTarget "Park-It" */ = {
			isa = XCConfigurationList;
			buildConfigurations = (
				4E248CC82040F7460063AF78 /* Debug */,
				4E248CC92040F7460063AF78 /* Release */,
			);
			defaultConfigurationIsVisible = 0;
			defaultConfigurationName = Release;
		};
		4E248CCA2040F7460063AF78 /* Build configuration list for PBXNativeTarget "Park-ItTests" */ = {
			isa = XCConfigurationList;
			buildConfigurations = (
				4E248CCB2040F7460063AF78 /* Debug */,
				4E248CCC2040F7460063AF78 /* Release */,
			);
			defaultConfigurationIsVisible = 0;
			defaultConfigurationName = Release;
		};
		4E248CCD2040F7460063AF78 /* Build configuration list for PBXNativeTarget "Park-ItUITests" */ = {
			isa = XCConfigurationList;
			buildConfigurations = (
				4E248CCE2040F7460063AF78 /* Debug */,
				4E248CCF2040F7460063AF78 /* Release */,
			);
			defaultConfigurationIsVisible = 0;
			defaultConfigurationName = Release;
		};
/* End XCConfigurationList section */
	};
	rootObject = 4E248C972040F7460063AF78 /* Project object */;
}
